
Microsoft Visual Studio Solution File, Format Version 12.00
# Visual Studio Version 17
VisualStudioVersion = 17.10.35013.160
MinimumVisualStudioVersion = 10.0.40219.1
Project("{FAE04EC0-301F-11D3-BF4B-00C04F79EFBC}") = "Projet-DotNet-P6-LJMA", "Projet-DotNet-P6-LJMA\Projet-DotNet-P6-LJMA.csproj", "{3FFF1E55-81DE-4740-A2E8-2FE6C571812F}"
EndProject
Global
	GlobalSection(SolutionConfigurationPlatforms) = preSolution
		Debug|Any CPU = Debug|Any CPU
		Release|Any CPU = Release|Any CPU
	EndGlobalSection
	GlobalSection(ProjectConfigurationPlatforms) = postSolution
		{3FFF1E55-81DE-4740-A2E8-2FE6C571812F}.Debug|Any CPU.ActiveCfg = Debug|Any CPU
		{3FFF1E55-81DE-4740-A2E8-2FE6C571812F}.Debug|Any CPU.Build.0 = Debug|Any CPU
		{3FFF1E55-81DE-4740-A2E8-2FE6C571812F}.Release|Any CPU.ActiveCfg = Release|Any CPU
		{3FFF1E55-81DE-4740-A2E8-2FE6C571812F}.Release|Any CPU.Build.0 = Release|Any CPU
	EndGlobalSection
	GlobalSection(SolutionProperties) = preSolution
		HideSolutionNode = FALSE
	EndGlobalSection
	GlobalSection(ExtensibilityGlobals) = postSolution
		SolutionGuid = {7FF56EEA-9E07-4EBE-9A61-83C8BDFB7C93}
	EndGlobalSection
EndGlobal
